// !$*UTF8*$!
{
	archiveVersion = 1;
	classes = {
	};
	objectVersion = 50;
	objects = {

/* Begin PBXBuildFile section */
		AB7523AC2576BAA700806053 /* AppDelegate.swift in Sources */ = {isa = PBXBuildFile; fileRef = AB7523AB2576BAA700806053 /* AppDelegate.swift */; };
		AB7523AE2576BAA700806053 /* SceneDelegate.swift in Sources */ = {isa = PBXBuildFile; fileRef = AB7523AD2576BAA700806053 /* SceneDelegate.swift */; };
		AB7523B02576BAA700806053 /* ViewController.swift in Sources */ = {isa = PBXBuildFile; fileRef = AB7523AF2576BAA700806053 /* ViewController.swift */; };
		AB7523B32576BAA700806053 /* Main.storyboard in Resources */ = {isa = PBXBuildFile; fileRef = AB7523B12576BAA700806053 /* Main.storyboard */; };
		AB7523B52576BAAA00806053 /* Assets.xcassets in Resources */ = {isa = PBXBuildFile; fileRef = AB7523B42576BAAA00806053 /* Assets.xcassets */; };
		AB7523B82576BAAA00806053 /* LaunchScreen.storyboard in Resources */ = {isa = PBXBuildFile; fileRef = AB7523B62576BAAA00806053 /* LaunchScreen.storyboard */; };
		AB7523C32576BAAA00806053 /* CoffeOrderingTests.swift in Sources */ = {isa = PBXBuildFile; fileRef = AB7523C22576BAAA00806053 /* CoffeOrderingTests.swift */; };
		AB7523CE2576BAAA00806053 /* CoffeOrderingUITests.swift in Sources */ = {isa = PBXBuildFile; fileRef = AB7523CD2576BAAA00806053 /* CoffeOrderingUITests.swift */; };
/* End PBXBuildFile section */

/* Begin PBXContainerItemProxy section */
		AB7523BF2576BAAA00806053 /* PBXContainerItemProxy */ = {
			isa = PBXContainerItemProxy;
			containerPortal = AB7523A02576BAA700806053 /* Project object */;
			proxyType = 1;
			remoteGlobalIDString = AB7523A72576BAA700806053;
			remoteInfo = CoffeOrdering;
		};
		AB7523CA2576BAAA00806053 /* PBXContainerItemProxy */ = {
			isa = PBXContainerItemProxy;
			containerPortal = AB7523A02576BAA700806053 /* Project object */;
			proxyType = 1;
			remoteGlobalIDString = AB7523A72576BAA700806053;
			remoteInfo = CoffeOrdering;
		};
/* End PBXContainerItemProxy section */

/* Begin PBXFileReference section */
		AB7523A82576BAA700806053 /* CoffeOrdering.app */ = {isa = PBXFileReference; explicitFileType = wrapper.application; includeInIndex = 0; path = CoffeOrdering.app; sourceTree = BUILT_PRODUCTS_DIR; };
		AB7523AB2576BAA700806053 /* AppDelegate.swift */ = {isa = PBXFileReference; lastKnownFileType = sourcecode.swift; path = AppDelegate.swift; sourceTree = "<group>"; };
		AB7523AD2576BAA700806053 /* SceneDelegate.swift */ = {isa = PBXFileReference; lastKnownFileType = sourcecode.swift; path = SceneDelegate.swift; sourceTree = "<group>"; };
		AB7523AF2576BAA700806053 /* ViewController.swift */ = {isa = PBXFileReference; lastKnownFileType = sourcecode.swift; path = ViewController.swift; sourceTree = "<group>"; };
		AB7523B22576BAA700806053 /* Base */ = {isa = PBXFileReference; lastKnownFileType = file.storyboard; name = Base; path = Base.lproj/Main.storyboard; sourceTree = "<group>"; };
		AB7523B42576BAAA00806053 /* Assets.xcassets */ = {isa = PBXFileReference; lastKnownFileType = folder.assetcatalog; path = Assets.xcassets; sourceTree = "<group>"; };
		AB7523B72576BAAA00806053 /* Base */ = {isa = PBXFileReference; lastKnownFileType = file.storyboard; name = Base; path = Base.lproj/LaunchScreen.storyboard; sourceTree = "<group>"; };
		AB7523B92576BAAA00806053 /* Info.plist */ = {isa = PBXFileReference; lastKnownFileType = text.plist.xml; path = Info.plist; sourceTree = "<group>"; };
		AB7523BE2576BAAA00806053 /* CoffeOrderingTests.xctest */ = {isa = PBXFileReference; explicitFileType = wrapper.cfbundle; includeInIndex = 0; path = CoffeOrderingTests.xctest; sourceTree = BUILT_PRODUCTS_DIR; };
		AB7523C22576BAAA00806053 /* CoffeOrderingTests.swift */ = {isa = PBXFileReference; lastKnownFileType = sourcecode.swift; path = CoffeOrderingTests.swift; sourceTree = "<group>"; };
		AB7523C42576BAAA00806053 /* Info.plist */ = {isa = PBXFileReference; lastKnownFileType = text.plist.xml; path = Info.plist; sourceTree = "<group>"; };
		AB7523C92576BAAA00806053 /* CoffeOrderingUITests.xctest */ = {isa = PBXFileReference; explicitFileType = wrapper.cfbundle; includeInIndex = 0; path = CoffeOrderingUITests.xctest; sourceTree = BUILT_PRODUCTS_DIR; };
		AB7523CD2576BAAA00806053 /* CoffeOrderingUITests.swift */ = {isa = PBXFileReference; lastKnownFileType = sourcecode.swift; path = CoffeOrderingUITests.swift; sourceTree = "<group>"; };
		AB7523CF2576BAAA00806053 /* Info.plist */ = {isa = PBXFileReference; lastKnownFileType = text.plist.xml; path = Info.plist; sourceTree = "<group>"; };
/* End PBXFileReference section */

/* Begin PBXFrameworksBuildPhase section */
		AB7523A52576BAA700806053 /* Frameworks */ = {
			isa = PBXFrameworksBuildPhase;
			buildActionMask = 2147483647;
			files = (
			);
			runOnlyForDeploymentPostprocessing = 0;
		};
		AB7523BB2576BAAA00806053 /* Frameworks */ = {
			isa = PBXFrameworksBuildPhase;
			buildActionMask = 2147483647;
			files = (
			);
			runOnlyForDeploymentPostprocessing = 0;
		};
		AB7523C62576BAAA00806053 /* Frameworks */ = {
			isa = PBXFrameworksBuildPhase;
			buildActionMask = 2147483647;
			files = (
			);
			runOnlyForDeploymentPostprocessing = 0;
		};
/* End PBXFrameworksBuildPhase section */

/* Begin PBXGroup section */
		AB75239F2576BAA700806053 = {
			isa = PBXGroup;
			children = (
				AB7523AA2576BAA700806053 /* CoffeOrdering */,
				AB7523C12576BAAA00806053 /* CoffeOrderingTests */,
				AB7523CC2576BAAA00806053 /* CoffeOrderingUITests */,
				AB7523A92576BAA700806053 /* Products */,
			);
			sourceTree = "<group>";
		};
		AB7523A92576BAA700806053 /* Products */ = {
			isa = PBXGroup;
			children = (
				AB7523A82576BAA700806053 /* CoffeOrdering.app */,
				AB7523BE2576BAAA00806053 /* CoffeOrderingTests.xctest */,
				AB7523C92576BAAA00806053 /* CoffeOrderingUITests.xctest */,
			);
			name = Products;
			sourceTree = "<group>";
		};
		AB7523AA2576BAA700806053 /* CoffeOrdering */ = {
			isa = PBXGroup;
			children = (
				AB7523AB2576BAA700806053 /* AppDelegate.swift */,
				AB7523AD2576BAA700806053 /* SceneDelegate.swift */,
				AB7523AF2576BAA700806053 /* ViewController.swift */,
				AB7523B12576BAA700806053 /* Main.storyboard */,
				AB7523B42576BAAA00806053 /* Assets.xcassets */,
				AB7523B62576BAAA00806053 /* LaunchScreen.storyboard */,
				AB7523B92576BAAA00806053 /* Info.plist */,
			);
			path = CoffeOrdering;
			sourceTree = "<group>";
		};
		AB7523C12576BAAA00806053 /* CoffeOrderingTests */ = {
			isa = PBXGroup;
			children = (
				AB7523C22576BAAA00806053 /* CoffeOrderingTests.swift */,
				AB7523C42576BAAA00806053 /* Info.plist */,
			);
			path = CoffeOrderingTests;
			sourceTree = "<group>";
		};
		AB7523CC2576BAAA00806053 /* CoffeOrderingUITests */ = {
			isa = PBXGroup;
			children = (
				AB7523CD2576BAAA00806053 /* CoffeOrderingUITests.swift */,
				AB7523CF2576BAAA00806053 /* Info.plist */,
			);
			path = CoffeOrderingUITests;
			sourceTree = "<group>";
		};
/* End PBXGroup section */

/* Begin PBXNativeTarget section */
		AB7523A72576BAA700806053 /* CoffeOrdering */ = {
			isa = PBXNativeTarget;
			buildConfigurationList = AB7523D22576BAAA00806053 /* Build configuration list for PBXNativeTarget "CoffeOrdering" */;
			buildPhases = (
				AB7523A42576BAA700806053 /* Sources */,
				AB7523A52576BAA700806053 /* Frameworks */,
				AB7523A62576BAA700806053 /* Resources */,
			);
			buildRules = (
			);
			dependencies = (
			);
			name = CoffeOrdering;
			productName = CoffeOrdering;
			productReference = AB7523A82576BAA700806053 /* CoffeOrdering.app */;
			productType = "com.apple.product-type.application";
		};
		AB7523BD2576BAAA00806053 /* CoffeOrderingTests */ = {
			isa = PBXNativeTarget;
			buildConfigurationList = AB7523D52576BAAA00806053 /* Build configuration list for PBXNativeTarget "CoffeOrderingTests" */;
			buildPhases = (
				AB7523BA2576BAAA00806053 /* Sources */,
				AB7523BB2576BAAA00806053 /* Frameworks */,
				AB7523BC2576BAAA00806053 /* Resources */,
			);
			buildRules = (
			);
			dependencies = (
				AB7523C02576BAAA00806053 /* PBXTargetDependency */,
			);
			name = CoffeOrderingTests;
			productName = CoffeOrderingTests;
			productReference = AB7523BE2576BAAA00806053 /* CoffeOrderingTests.xctest */;
			productType = "com.apple.product-type.bundle.unit-test";
		};
		AB7523C82576BAAA00806053 /* CoffeOrderingUITests */ = {
			isa = PBXNativeTarget;
			buildConfigurationList = AB7523D82576BAAA00806053 /* Build configuration list for PBXNativeTarget "CoffeOrderingUITests" */;
			buildPhases = (
				AB7523C52576BAAA00806053 /* Sources */,
				AB7523C62576BAAA00806053 /* Frameworks */,
				AB7523C72576BAAA00806053 /* Resources */,
			);
			buildRules = (
			);
			dependencies = (
				AB7523CB2576BAAA00806053 /* PBXTargetDependency */,
			);
			name = CoffeOrderingUITests;
			productName = CoffeOrderingUITests;
			productReference = AB7523C92576BAAA00806053 /* CoffeOrderingUITests.xctest */;
			productType = "com.apple.product-type.bundle.ui-testing";
		};
/* End PBXNativeTarget section */

/* Begin PBXProject section */
		AB7523A02576BAA700806053 /* Project object */ = {
			isa = PBXProject;
			attributes = {
				LastSwiftUpdateCheck = 1220;
				LastUpgradeCheck = 1220;
				TargetAttributes = {
					AB7523A72576BAA700806053 = {
						CreatedOnToolsVersion = 12.2;
					};
					AB7523BD2576BAAA00806053 = {
						CreatedOnToolsVersion = 12.2;
						TestTargetID = AB7523A72576BAA700806053;
					};
					AB7523C82576BAAA00806053 = {
						CreatedOnToolsVersion = 12.2;
						TestTargetID = AB7523A72576BAA700806053;
					};
				};
			};
			buildConfigurationList = AB7523A32576BAA700806053 /* Build configuration list for PBXProject "CoffeOrdering" */;
			compatibilityVersion = "Xcode 9.3";
			developmentRegion = en;
			hasScannedForEncodings = 0;
			knownRegions = (
				en,
				Base,
			);
			mainGroup = AB75239F2576BAA700806053;
			productRefGroup = AB7523A92576BAA700806053 /* Products */;
			projectDirPath = "";
			projectRoot = "";
			targets = (
				AB7523A72576BAA700806053 /* CoffeOrdering */,
				AB7523BD2576BAAA00806053 /* CoffeOrderingTests */,
				AB7523C82576BAAA00806053 /* CoffeOrderingUITests */,
			);
		};
/* End PBXProject section */

/* Begin PBXResourcesBuildPhase section */
		AB7523A62576BAA700806053 /* Resources */ = {
			isa = PBXResourcesBuildPhase;
			buildActionMask = 2147483647;
			files = (
				AB7523B82576BAAA00806053 /* LaunchScreen.storyboard in Resources */,
				AB7523B52576BAAA00806053 /* Assets.xcassets in Resources */,
				AB7523B32576BAA700806053 /* Main.storyboard in Resources */,
			);
			runOnlyForDeploymentPostprocessing = 0;
		};
		AB7523BC2576BAAA00806053 /* Resources */ = {
			isa = PBXResourcesBuildPhase;
			buildActionMask = 2147483647;
			files = (
			);
			runOnlyForDeploymentPostprocessing = 0;
		};
		AB7523C72576BAAA00806053 /* Resources */ = {
			isa = PBXResourcesBuildPhase;
			buildActionMask = 2147483647;
			files = (
			);
			runOnlyForDeploymentPostprocessing = 0;
		};
/* End PBXResourcesBuildPhase section */

/* Begin PBXSourcesBuildPhase section */
		AB7523A42576BAA700806053 /* Sources */ = {
			isa = PBXSourcesBuildPhase;
			buildActionMask = 2147483647;
			files = (
				AB7523B02576BAA700806053 /* ViewController.swift in Sources */,
				AB7523AC2576BAA700806053 /* AppDelegate.swift in Sources */,
				AB7523AE2576BAA700806053 /* SceneDelegate.swift in Sources */,
			);
			runOnlyForDeploymentPostprocessing = 0;
		};
		AB7523BA2576BAAA00806053 /* Sources */ = {
			isa = PBXSourcesBuildPhase;
			buildActionMask = 2147483647;
			files = (
				AB7523C32576BAAA00806053 /* CoffeOrderingTests.swift in Sources */,
			);
			runOnlyForDeploymentPostprocessing = 0;
		};
		AB7523C52576BAAA00806053 /* Sources */ = {
			isa = PBXSourcesBuildPhase;
			buildActionMask = 2147483647;
			files = (
				AB7523CE2576BAAA00806053 /* CoffeOrderingUITests.swift in Sources */,
			);
			runOnlyForDeploymentPostprocessing = 0;
		};
/* End PBXSourcesBuildPhase section */

/* Begin PBXTargetDependency section */
		AB7523C02576BAAA00806053 /* PBXTargetDependency */ = {
			isa = PBXTargetDependency;
			target = AB7523A72576BAA700806053 /* CoffeOrdering */;
			targetProxy = AB7523BF2576BAAA00806053 /* PBXContainerItemProxy */;
		};
		AB7523CB2576BAAA00806053 /* PBXTargetDependency */ = {
			isa = PBXTargetDependency;
			target = AB7523A72576BAA700806053 /* CoffeOrdering */;
			targetProxy = AB7523CA2576BAAA00806053 /* PBXContainerItemProxy */;
		};
/* End PBXTargetDependency section */

/* Begin PBXVariantGroup section */
		AB7523B12576BAA700806053 /* Main.storyboard */ = {
			isa = PBXVariantGroup;
			children = (
				AB7523B22576BAA700806053 /* Base */,
			);
			name = Main.storyboard;
			sourceTree = "<group>";
		};
		AB7523B62576BAAA00806053 /* LaunchScreen.storyboard */ = {
			isa = PBXVariantGroup;
			children = (
				AB7523B72576BAAA00806053 /* Base */,
			);
			name = LaunchScreen.storyboard;
			sourceTree = "<group>";
		};
/* End PBXVariantGroup section */

/* Begin XCBuildConfiguration section */
		AB7523D02576BAAA00806053 /* Debug */ = {
			isa = XCBuildConfiguration;
			buildSettings = {
				ALWAYS_SEARCH_USER_PATHS = NO;
				CLANG_ANALYZER_NONNULL = YES;
				CLANG_ANALYZER_NUMBER_OBJECT_CONVERSION = YES_AGGRESSIVE;
				CLANG_CXX_LANGUAGE_STANDARD = "gnu++14";
				CLANG_CXX_LIBRARY = "libc++";
				CLANG_ENABLE_MODULES = YES;
				CLANG_ENABLE_OBJC_ARC = YES;
				CLANG_ENABLE_OBJC_WEAK = YES;
				CLANG_WARN_BLOCK_CAPTURE_AUTORELEASING = YES;
				CLANG_WARN_BOOL_CONVERSION = YES;
				CLANG_WARN_COMMA = YES;
				CLANG_WARN_CONSTANT_CONVERSION = YES;
				CLANG_WARN_DEPRECATED_OBJC_IMPLEMENTATIONS = YES;
				CLANG_WARN_DIRECT_OBJC_ISA_USAGE = YES_ERROR;
				CLANG_WARN_DOCUMENTATION_COMMENTS = YES;
				CLANG_WARN_EMPTY_BODY = YES;
				CLANG_WARN_ENUM_CONVERSION = YES;
				CLANG_WARN_INFINITE_RECURSION = YES;
				CLANG_WARN_INT_CONVERSION = YES;
				CLANG_WARN_NON_LITERAL_NULL_CONVERSION = YES;
				CLANG_WARN_OBJC_IMPLICIT_RETAIN_SELF = YES;
				CLANG_WARN_OBJC_LITERAL_CONVERSION = YES;
				CLANG_WARN_OBJC_ROOT_CLASS = YES_ERROR;
				CLANG_WARN_QUOTED_INCLUDE_IN_FRAMEWORK_HEADER = YES;
				CLANG_WARN_RANGE_LOOP_ANALYSIS = YES;
				CLANG_WARN_STRICT_PROTOTYPES = YES;
				CLANG_WARN_SUSPICIOUS_MOVE = YES;
				CLANG_WARN_UNGUARDED_AVAILABILITY = YES_AGGRESSIVE;
				CLANG_WARN_UNREACHABLE_CODE = YES;
				CLANG_WARN__DUPLICATE_METHOD_MATCH = YES;
				COPY_PHASE_STRIP = NO;
				DEBUG_INFORMATION_FORMAT = dwarf;
				ENABLE_STRICT_OBJC_MSGSEND = YES;
				ENABLE_TESTABILITY = YES;
				GCC_C_LANGUAGE_STANDARD = gnu11;
				GCC_DYNAMIC_NO_PIC = NO;
				GCC_NO_COMMON_BLOCKS = YES;
				GCC_OPTIMIZATION_LEVEL = 0;
				GCC_PREPROCESSOR_DEFINITIONS = (
					"DEBUG=1",
					"$(inherited)",
				);
				GCC_WARN_64_TO_32_BIT_CONVERSION = YES;
				GCC_WARN_ABOUT_RETURN_TYPE = YES_ERROR;
				GCC_WARN_UNDECLARED_SELECTOR = YES;
				GCC_WARN_UNINITIALIZED_AUTOS = YES_AGGRESSIVE;
				GCC_WARN_UNUSED_FUNCTION = YES;
				GCC_WARN_UNUSED_VARIABLE = YES;
				IPHONEOS_DEPLOYMENT_TARGET = 14.2;
				MTL_ENABLE_DEBUG_INFO = INCLUDE_SOURCE;
				MTL_FAST_MATH = YES;
				ONLY_ACTIVE_ARCH = YES;
				SDKROOT = iphoneos;
				SWIFT_ACTIVE_COMPILATION_CONDITIONS = DEBUG;
				SWIFT_OPTIMIZATION_LEVEL = "-Onone";
			};
			name = Debug;
		};
		AB7523D12576BAAA00806053 /* Release */ = {
			isa = XCBuildConfiguration;
			buildSettings = {
				ALWAYS_SEARCH_USER_PATHS = NO;
				CLANG_ANALYZER_NONNULL = YES;
				CLANG_ANALYZER_NUMBER_OBJECT_CONVERSION = YES_AGGRESSIVE;
				CLANG_CXX_LANGUAGE_STANDARD = "gnu++14";
				CLANG_CXX_LIBRARY = "libc++";
				CLANG_ENABLE_MODULES = YES;
				CLANG_ENABLE_OBJC_ARC = YES;
				CLANG_ENABLE_OBJC_WEAK = YES;
				CLANG_WARN_BLOCK_CAPTURE_AUTORELEASING = YES;
				CLANG_WARN_BOOL_CONVERSION = YES;
				CLANG_WARN_COMMA = YES;
				CLANG_WARN_CONSTANT_CONVERSION = YES;
				CLANG_WARN_DEPRECATED_OBJC_IMPLEMENTATIONS = YES;
				CLANG_WARN_DIRECT_OBJC_ISA_USAGE = YES_ERROR;
				CLANG_WARN_DOCUMENTATION_COMMENTS = YES;
				CLANG_WARN_EMPTY_BODY = YES;
				CLANG_WARN_ENUM_CONVERSION = YES;
				CLANG_WARN_INFINITE_RECURSION = YES;
				CLANG_WARN_INT_CONVERSION = YES;
				CLANG_WARN_NON_LITERAL_NULL_CONVERSION = YES;
				CLANG_WARN_OBJC_IMPLICIT_RETAIN_SELF = YES;
				CLANG_WARN_OBJC_LITERAL_CONVERSION = YES;
				CLANG_WARN_OBJC_ROOT_CLASS = YES_ERROR;
				CLANG_WARN_QUOTED_INCLUDE_IN_FRAMEWORK_HEADER = YES;
				CLANG_WARN_RANGE_LOOP_ANALYSIS = YES;
				CLANG_WARN_STRICT_PROTOTYPES = YES;
				CLANG_WARN_SUSPICIOUS_MOVE = YES;
				CLANG_WARN_UNGUARDED_AVAILABILITY = YES_AGGRESSIVE;
				CLANG_WARN_UNREACHABLE_CODE = YES;
				CLANG_WARN__DUPLICATE_METHOD_MATCH = YES;
				COPY_PHASE_STRIP = NO;
				DEBUG_INFORMATION_FORMAT = "dwarf-with-dsym";
				ENABLE_NS_ASSERTIONS = NO;
				ENABLE_STRICT_OBJC_MSGSEND = YES;
				GCC_C_LANGUAGE_STANDARD = gnu11;
				GCC_NO_COMMON_BLOCKS = YES;
				GCC_WARN_64_TO_32_BIT_CONVERSION = YES;
				GCC_WARN_ABOUT_RETURN_TYPE = YES_ERROR;
				GCC_WARN_UNDECLARED_SELECTOR = YES;
				GCC_WARN_UNINITIALIZED_AUTOS = YES_AGGRESSIVE;
				GCC_WARN_UNUSED_FUNCTION = YES;
				GCC_WARN_UNUSED_VARIABLE = YES;
				IPHONEOS_DEPLOYMENT_TARGET = 14.2;
				MTL_ENABLE_DEBUG_INFO = NO;
				MTL_FAST_MATH = YES;
				SDKROOT = iphoneos;
				SWIFT_COMPILATION_MODE = wholemodule;
				SWIFT_OPTIMIZATION_LEVEL = "-O";
				VALIDATE_PRODUCT = YES;
			};
			name = Release;
		};
		AB7523D32576BAAA00806053 /* Debug */ = {
			isa = XCBuildConfiguration;
			buildSettings = {
				ASSETCATALOG_COMPILER_APPICON_NAME = AppIcon;
				ASSETCATALOG_COMPILER_GLOBAL_ACCENT_COLOR_NAME = AccentColor;
				CODE_SIGN_STYLE = Automatic;
				DEVELOPMENT_TEAM = LZ4KUFVTZH;
				INFOPLIST_FILE = CoffeOrdering/Info.plist;
				LD_RUNPATH_SEARCH_PATHS = (
					"$(inherited)",
					"@executable_path/Frameworks",
				);
				PRODUCT_BUNDLE_IDENTIFIER = com.marcus.CoffeOrdering;
				PRODUCT_NAME = "$(TARGET_NAME)";
				SWIFT_VERSION = 5.0;
				TARGETED_DEVICE_FAMILY = "1,2";
			};
			name = Debug;
		};
		AB7523D42576BAAA00806053 /* Release */ = {
			isa = XCBuildConfiguration;
			buildSettings = {
				ASSETCATALOG_COMPILER_APPICON_NAME = AppIcon;
				ASSETCATALOG_COMPILER_GLOBAL_ACCENT_COLOR_NAME = AccentColor;
				CODE_SIGN_STYLE = Automatic;
				DEVELOPMENT_TEAM = LZ4KUFVTZH;
				INFOPLIST_FILE = CoffeOrdering/Info.plist;
				LD_RUNPATH_SEARCH_PATHS = (
					"$(inherited)",
					"@executable_path/Frameworks",
				);
				PRODUCT_BUNDLE_IDENTIFIER = com.marcus.CoffeOrdering;
				PRODUCT_NAME = "$(TARGET_NAME)";
				SWIFT_VERSION = 5.0;
				TARGETED_DEVICE_FAMILY = "1,2";
			};
			name = Release;
		};
		AB7523D62576BAAA00806053 /* Debug */ = {
			isa = XCBuildConfiguration;
			buildSettings = {
				ALWAYS_EMBED_SWIFT_STANDARD_LIBRARIES = YES;
				BUNDLE_LOADER = "$(TEST_HOST)";
				CODE_SIGN_STYLE = Automatic;
				DEVELOPMENT_TEAM = LZ4KUFVTZH;
				INFOPLIST_FILE = CoffeOrderingTests/Info.plist;
				IPHONEOS_DEPLOYMENT_TARGET = 14.2;
				LD_RUNPATH_SEARCH_PATHS = (
					"$(inherited)",
					"@executable_path/Frameworks",
					"@loader_path/Frameworks",
				);
				PRODUCT_BUNDLE_IDENTIFIER = com.marcus.CoffeOrderingTests;
				PRODUCT_NAME = "$(TARGET_NAME)";
				SWIFT_VERSION = 5.0;
				TARGETED_DEVICE_FAMILY = "1,2";
				TEST_HOST = "$(BUILT_PRODUCTS_DIR)/CoffeOrdering.app/CoffeOrdering";
			};
			name = Debug;
		};
		AB7523D72576BAAA00806053 /* Release */ = {
			isa = XCBuildConfiguration;
			buildSettings = {
				ALWAYS_EMBED_SWIFT_STANDARD_LIBRARIES = YES;
				BUNDLE_LOADER = "$(TEST_HOST)";
				CODE_SIGN_STYLE = Automatic;
				DEVELOPMENT_TEAM = LZ4KUFVTZH;
				INFOPLIST_FILE = CoffeOrderingTests/Info.plist;
				IPHONEOS_DEPLOYMENT_TARGET = 14.2;
				LD_RUNPATH_SEARCH_PATHS = (
					"$(inherited)",
					"@executable_path/Frameworks",
					"@loader_path/Frameworks",
				);
				PRODUCT_BUNDLE_IDENTIFIER = com.marcus.CoffeOrderingTests;
				PRODUCT_NAME = "$(TARGET_NAME)";
				SWIFT_VERSION = 5.0;
				TARGETED_DEVICE_FAMILY = "1,2";
				TEST_HOST = "$(BUILT_PRODUCTS_DIR)/CoffeOrdering.app/CoffeOrdering";
			};
			name = Release;
		};
		AB7523D92576BAAA00806053 /* Debug */ = {
			isa = XCBuildConfiguration;
			buildSettings = {
				ALWAYS_EMBED_SWIFT_STANDARD_LIBRARIES = YES;
				CODE_SIGN_STYLE = Automatic;
				DEVELOPMENT_TEAM = LZ4KUFVTZH;
				INFOPLIST_FILE = CoffeOrderingUITests/Info.plist;
				LD_RUNPATH_SEARCH_PATHS = (
					"$(inherited)",
					"@executable_path/Frameworks",
					"@loader_path/Frameworks",
				);
				PRODUCT_BUNDLE_IDENTIFIER = com.marcus.CoffeOrderingUITests;
				PRODUCT_NAME = "$(TARGET_NAME)";
				SWIFT_VERSION = 5.0;
				TARGETED_DEVICE_FAMILY = "1,2";
				TEST_TARGET_NAME = CoffeOrdering;
			};
			name = Debug;
		};
		AB7523DA2576BAAA00806053 /* Release */ = {
			isa = XCBuildConfiguration;
			buildSettings = {
				ALWAYS_EMBED_SWIFT_STANDARD_LIBRARIES = YES;
				CODE_SIGN_STYLE = Automatic;
				DEVELOPMENT_TEAM = LZ4KUFVTZH;
				INFOPLIST_FILE = CoffeOrderingUITests/Info.plist;
				LD_RUNPATH_SEARCH_PATHS = (
					"$(inherited)",
					"@executable_path/Frameworks",
					"@loader_path/Frameworks",
				);
				PRODUCT_BUNDLE_IDENTIFIER = com.marcus.CoffeOrderingUITests;
				PRODUCT_NAME = "$(TARGET_NAME)";
				SWIFT_VERSION = 5.0;
				TARGETED_DEVICE_FAMILY = "1,2";
				TEST_TARGET_NAME = CoffeOrdering;
			};
			name = Release;
		};
/* End XCBuildConfiguration section */

/* Begin XCConfigurationList section */
		AB7523A32576BAA700806053 /* Build configuration list for PBXProject "CoffeOrdering" */ = {
			isa = XCConfigurationList;
			buildConfigurations = (
				AB7523D02576BAAA00806053 /* Debug */,
				AB7523D12576BAAA00806053 /* Release */,
			);
			defaultConfigurationIsVisible = 0;
			defaultConfigurationName = Release;
		};
		AB7523D22576BAAA00806053 /* Build configuration list for PBXNativeTarget "CoffeOrdering" */ = {
			isa = XCConfigurationList;
			buildConfigurations = (
				AB7523D32576BAAA00806053 /* Debug */,
				AB7523D42576BAAA00806053 /* Release */,
			);
			defaultConfigurationIsVisible = 0;
			defaultConfigurationName = Release;
		};
		AB7523D52576BAAA00806053 /* Build configuration list for PBXNativeTarget "CoffeOrderingTests" */ = {
			isa = XCConfigurationList;
			buildConfigurations = (
				AB7523D62576BAAA00806053 /* Debug */,
				AB7523D72576BAAA00806053 /* Release */,
			);
			defaultConfigurationIsVisible = 0;
			defaultConfigurationName = Release;
		};
		AB7523D82576BAAA00806053 /* Build configuration list for PBXNativeTarget "CoffeOrderingUITests" */ = {
			isa = XCConfigurationList;
			buildConfigurations = (
				AB7523D92576BAAA00806053 /* Debug */,
				AB7523DA2576BAAA00806053 /* Release */,
			);
			defaultConfigurationIsVisible = 0;
			defaultConfigurationName = Release;
		};
/* End XCConfigurationList section */
	};
	rootObject = AB7523A02576BAA700806053 /* Project object */;
}
